
Microsoft Visual Studio Solution File, Format Version 12.00
# Visual Studio 15
VisualStudioVersion = 15.0.27703.1
MinimumVisualStudioVersion = 10.0.40219.1
Project("{9A19103F-16F7-4668-BE54-9A1E7A4F7556}") = "CoffeeChain.Terminal", "CoffeeChain.Terminal\CoffeeChain.Terminal.csproj", "{6CBC23B3-9F40-4450-9BF7-F26194F162F2}"
EndProject
Project("{2150E333-8FDC-42A3-9474-1A3956D46DE8}") = "Solution Items", "Solution Items", "{31CC677B-ABAF-4525-92E5-3CD38BD60869}"
	ProjectSection(SolutionItems) = preProject
		.editorconfig = .editorconfig
		.gitignore = .gitignore
	EndProjectSection
EndProject
Project("{9A19103F-16F7-4668-BE54-9A1E7A4F7556}") = "CoffeeChain.Connector", "CoffeeChain.Connector\CoffeeChain.Connector.csproj", "{E99D7907-FA1B-47C0-B585-A7364506B408}"
EndProject
Project("{FAE04EC0-301F-11D3-BF4B-00C04F79EFBC}") = "CoffeeChain.App.Android", "CoffeeChain.App\CoffeeChain.App.Android\CoffeeChain.App.Android.csproj", "{D9C5FCD8-80E5-4C1B-8171-AC4A85094599}"
EndProject
Project("{FAE04EC0-301F-11D3-BF4B-00C04F79EFBC}") = "CoffeeChain.App.iOS", "CoffeeChain.App\CoffeeChain.App.iOS\CoffeeChain.App.iOS.csproj", "{9ED0795E-6CC9-4468-9293-6FB735A7F367}"
EndProject
Project("{FAE04EC0-301F-11D3-BF4B-00C04F79EFBC}") = "CoffeeChain.App.UWP", "CoffeeChain.App\CoffeeChain.App.UWP\CoffeeChain.App.UWP.csproj", "{B5704D64-4AD0-4FFE-AD09-E82C12234457}"
EndProject
Project("{FAE04EC0-301F-11D3-BF4B-00C04F79EFBC}") = "CoffeeChain.App", "CoffeeChain.App\CoffeeChain.App\CoffeeChain.App.csproj", "{0A291517-D043-4F36-BEA0-CED1789B24C6}"
EndProject
Global
	GlobalSection(SolutionConfigurationPlatforms) = preSolution
		Ad-Hoc|Any CPU = Ad-Hoc|Any CPU
		Ad-Hoc|ARM = Ad-Hoc|ARM
		Ad-Hoc|iPhone = Ad-Hoc|iPhone
		Ad-Hoc|iPhoneSimulator = Ad-Hoc|iPhoneSimulator
		Ad-Hoc|x64 = Ad-Hoc|x64
		Ad-Hoc|x86 = Ad-Hoc|x86
		AppStore|Any CPU = AppStore|Any CPU
		AppStore|ARM = AppStore|ARM
		AppStore|iPhone = AppStore|iPhone
		AppStore|iPhoneSimulator = AppStore|iPhoneSimulator
		AppStore|x64 = AppStore|x64
		AppStore|x86 = AppStore|x86
		Debug|Any CPU = Debug|Any CPU
		Debug|ARM = Debug|ARM
		Debug|iPhone = Debug|iPhone
		Debug|iPhoneSimulator = Debug|iPhoneSimulator
		Debug|x64 = Debug|x64
		Debug|x86 = Debug|x86
		Release|Any CPU = Release|Any CPU
		Release|ARM = Release|ARM
		Release|iPhone = Release|iPhone
		Release|iPhoneSimulator = Release|iPhoneSimulator
		Release|x64 = Release|x64
		Release|x86 = Release|x86
	EndGlobalSection
	GlobalSection(ProjectConfigurationPlatforms) = postSolution
		{6CBC23B3-9F40-4450-9BF7-F26194F162F2}.Ad-Hoc|Any CPU.ActiveCfg = Release|Any CPU
		{6CBC23B3-9F40-4450-9BF7-F26194F162F2}.Ad-Hoc|Any CPU.Build.0 = Release|Any CPU
		{6CBC23B3-9F40-4450-9BF7-F26194F162F2}.Ad-Hoc|ARM.ActiveCfg = Release|Any CPU
		{6CBC23B3-9F40-4450-9BF7-F26194F162F2}.Ad-Hoc|ARM.Build.0 = Release|Any CPU
		{6CBC23B3-9F40-4450-9BF7-F26194F162F2}.Ad-Hoc|iPhone.ActiveCfg = Release|Any CPU
		{6CBC23B3-9F40-4450-9BF7-F26194F162F2}.Ad-Hoc|iPhone.Build.0 = Release|Any CPU
		{6CBC23B3-9F40-4450-9BF7-F26194F162F2}.Ad-Hoc|iPhoneSimulator.ActiveCfg = Release|Any CPU
		{6CBC23B3-9F40-4450-9BF7-F26194F162F2}.Ad-Hoc|iPhoneSimulator.Build.0 = Release|Any CPU
		{6CBC23B3-9F40-4450-9BF7-F26194F162F2}.Ad-Hoc|x64.ActiveCfg = Release|Any CPU
		{6CBC23B3-9F40-4450-9BF7-F26194F162F2}.Ad-Hoc|x64.Build.0 = Release|Any CPU
		{6CBC23B3-9F40-4450-9BF7-F26194F162F2}.Ad-Hoc|x86.ActiveCfg = Release|Any CPU
		{6CBC23B3-9F40-4450-9BF7-F26194F162F2}.Ad-Hoc|x86.Build.0 = Release|Any CPU
		{6CBC23B3-9F40-4450-9BF7-F26194F162F2}.AppStore|Any CPU.ActiveCfg = Release|Any CPU
		{6CBC23B3-9F40-4450-9BF7-F26194F162F2}.AppStore|Any CPU.Build.0 = Release|Any CPU
		{6CBC23B3-9F40-4450-9BF7-F26194F162F2}.AppStore|ARM.ActiveCfg = Release|Any CPU
		{6CBC23B3-9F40-4450-9BF7-F26194F162F2}.AppStore|ARM.Build.0 = Release|Any CPU
		{6CBC23B3-9F40-4450-9BF7-F26194F162F2}.AppStore|iPhone.ActiveCfg = Release|Any CPU
		{6CBC23B3-9F40-4450-9BF7-F26194F162F2}.AppStore|iPhone.Build.0 = Release|Any CPU
		{6CBC23B3-9F40-4450-9BF7-F26194F162F2}.AppStore|iPhoneSimulator.ActiveCfg = Release|Any CPU
		{6CBC23B3-9F40-4450-9BF7-F26194F162F2}.AppStore|iPhoneSimulator.Build.0 = Release|Any CPU
		{6CBC23B3-9F40-4450-9BF7-F26194F162F2}.AppStore|x64.ActiveCfg = Release|Any CPU
		{6CBC23B3-9F40-4450-9BF7-F26194F162F2}.AppStore|x64.Build.0 = Release|Any CPU
		{6CBC23B3-9F40-4450-9BF7-F26194F162F2}.AppStore|x86.ActiveCfg = Release|Any CPU
		{6CBC23B3-9F40-4450-9BF7-F26194F162F2}.AppStore|x86.Build.0 = Release|Any CPU
		{6CBC23B3-9F40-4450-9BF7-F26194F162F2}.Debug|Any CPU.ActiveCfg = Debug|Any CPU
		{6CBC23B3-9F40-4450-9BF7-F26194F162F2}.Debug|Any CPU.Build.0 = Debug|Any CPU
		{6CBC23B3-9F40-4450-9BF7-F26194F162F2}.Debug|ARM.ActiveCfg = Debug|Any CPU
		{6CBC23B3-9F40-4450-9BF7-F26194F162F2}.Debug|ARM.Build.0 = Debug|Any CPU
		{6CBC23B3-9F40-4450-9BF7-F26194F162F2}.Debug|iPhone.ActiveCfg = Debug|Any CPU
		{6CBC23B3-9F40-4450-9BF7-F26194F162F2}.Debug|iPhone.Build.0 = Debug|Any CPU
		{6CBC23B3-9F40-4450-9BF7-F26194F162F2}.Debug|iPhoneSimulator.ActiveCfg = Debug|Any CPU
		{6CBC23B3-9F40-4450-9BF7-F26194F162F2}.Debug|iPhoneSimulator.Build.0 = Debug|Any CPU
		{6CBC23B3-9F40-4450-9BF7-F26194F162F2}.Debug|x64.ActiveCfg = Debug|Any CPU
		{6CBC23B3-9F40-4450-9BF7-F26194F162F2}.Debug|x64.Build.0 = Debug|Any CPU
		{6CBC23B3-9F40-4450-9BF7-F26194F162F2}.Debug|x86.ActiveCfg = Debug|Any CPU
		{6CBC23B3-9F40-4450-9BF7-F26194F162F2}.Debug|x86.Build.0 = Debug|Any CPU
		{6CBC23B3-9F40-4450-9BF7-F26194F162F2}.Release|Any CPU.ActiveCfg = Release|Any CPU
		{6CBC23B3-9F40-4450-9BF7-F26194F162F2}.Release|Any CPU.Build.0 = Release|Any CPU
		{6CBC23B3-9F40-4450-9BF7-F26194F162F2}.Release|ARM.ActiveCfg = Release|Any CPU
		{6CBC23B3-9F40-4450-9BF7-F26194F162F2}.Release|ARM.Build.0 = Release|Any CPU
		{6CBC23B3-9F40-4450-9BF7-F26194F162F2}.Release|iPhone.ActiveCfg = Release|Any CPU
		{6CBC23B3-9F40-4450-9BF7-F26194F162F2}.Release|iPhone.Build.0 = Release|Any CPU
		{6CBC23B3-9F40-4450-9BF7-F26194F162F2}.Release|iPhoneSimulator.ActiveCfg = Release|Any CPU
		{6CBC23B3-9F40-4450-9BF7-F26194F162F2}.Release|iPhoneSimulator.Build.0 = Release|Any CPU
		{6CBC23B3-9F40-4450-9BF7-F26194F162F2}.Release|x64.ActiveCfg = Release|Any CPU
		{6CBC23B3-9F40-4450-9BF7-F26194F162F2}.Release|x64.Build.0 = Release|Any CPU
		{6CBC23B3-9F40-4450-9BF7-F26194F162F2}.Release|x86.ActiveCfg = Release|Any CPU
		{6CBC23B3-9F40-4450-9BF7-F26194F162F2}.Release|x86.Build.0 = Release|Any CPU
		{E99D7907-FA1B-47C0-B585-A7364506B408}.Ad-Hoc|Any CPU.ActiveCfg = Release|Any CPU
		{E99D7907-FA1B-47C0-B585-A7364506B408}.Ad-Hoc|Any CPU.Build.0 = Release|Any CPU
		{E99D7907-FA1B-47C0-B585-A7364506B408}.Ad-Hoc|ARM.ActiveCfg = Release|Any CPU
		{E99D7907-FA1B-47C0-B585-A7364506B408}.Ad-Hoc|ARM.Build.0 = Release|Any CPU
		{E99D7907-FA1B-47C0-B585-A7364506B408}.Ad-Hoc|iPhone.ActiveCfg = Release|Any CPU
		{E99D7907-FA1B-47C0-B585-A7364506B408}.Ad-Hoc|iPhone.Build.0 = Release|Any CPU
		{E99D7907-FA1B-47C0-B585-A7364506B408}.Ad-Hoc|iPhoneSimulator.ActiveCfg = Release|Any CPU
		{E99D7907-FA1B-47C0-B585-A7364506B408}.Ad-Hoc|iPhoneSimulator.Build.0 = Release|Any CPU
		{E99D7907-FA1B-47C0-B585-A7364506B408}.Ad-Hoc|x64.ActiveCfg = Release|Any CPU
		{E99D7907-FA1B-47C0-B585-A7364506B408}.Ad-Hoc|x64.Build.0 = Release|Any CPU
		{E99D7907-FA1B-47C0-B585-A7364506B408}.Ad-Hoc|x86.ActiveCfg = Release|Any CPU
		{E99D7907-FA1B-47C0-B585-A7364506B408}.Ad-Hoc|x86.Build.0 = Release|Any CPU
		{E99D7907-FA1B-47C0-B585-A7364506B408}.AppStore|Any CPU.ActiveCfg = Release|Any CPU
		{E99D7907-FA1B-47C0-B585-A7364506B408}.AppStore|Any CPU.Build.0 = Release|Any CPU
		{E99D7907-FA1B-47C0-B585-A7364506B408}.AppStore|ARM.ActiveCfg = Release|Any CPU
		{E99D7907-FA1B-47C0-B585-A7364506B408}.AppStore|ARM.Build.0 = Release|Any CPU
		{E99D7907-FA1B-47C0-B585-A7364506B408}.AppStore|iPhone.ActiveCfg = Release|Any CPU
		{E99D7907-FA1B-47C0-B585-A7364506B408}.AppStore|iPhone.Build.0 = Release|Any CPU
		{E99D7907-FA1B-47C0-B585-A7364506B408}.AppStore|iPhoneSimulator.ActiveCfg = Release|Any CPU
		{E99D7907-FA1B-47C0-B585-A7364506B408}.AppStore|iPhoneSimulator.Build.0 = Release|Any CPU
		{E99D7907-FA1B-47C0-B585-A7364506B408}.AppStore|x64.ActiveCfg = Release|Any CPU
		{E99D7907-FA1B-47C0-B585-A7364506B408}.AppStore|x64.Build.0 = Release|Any CPU
		{E99D7907-FA1B-47C0-B585-A7364506B408}.AppStore|x86.ActiveCfg = Release|Any CPU
		{E99D7907-FA1B-47C0-B585-A7364506B408}.AppStore|x86.Build.0 = Release|Any CPU
		{E99D7907-FA1B-47C0-B585-A7364506B408}.Debug|Any CPU.ActiveCfg = Debug|Any CPU
		{E99D7907-FA1B-47C0-B585-A7364506B408}.Debug|Any CPU.Build.0 = Debug|Any CPU
		{E99D7907-FA1B-47C0-B585-A7364506B408}.Debug|ARM.ActiveCfg = Debug|Any CPU
		{E99D7907-FA1B-47C0-B585-A7364506B408}.Debug|ARM.Build.0 = Debug|Any CPU
		{E99D7907-FA1B-47C0-B585-A7364506B408}.Debug|iPhone.ActiveCfg = Debug|Any CPU
		{E99D7907-FA1B-47C0-B585-A7364506B408}.Debug|iPhone.Build.0 = Debug|Any CPU
		{E99D7907-FA1B-47C0-B585-A7364506B408}.Debug|iPhoneSimulator.ActiveCfg = Debug|Any CPU
		{E99D7907-FA1B-47C0-B585-A7364506B408}.Debug|iPhoneSimulator.Build.0 = Debug|Any CPU
		{E99D7907-FA1B-47C0-B585-A7364506B408}.Debug|x64.ActiveCfg = Debug|Any CPU
		{E99D7907-FA1B-47C0-B585-A7364506B408}.Debug|x64.Build.0 = Debug|Any CPU
		{E99D7907-FA1B-47C0-B585-A7364506B408}.Debug|x86.ActiveCfg = Debug|Any CPU
		{E99D7907-FA1B-47C0-B585-A7364506B408}.Debug|x86.Build.0 = Debug|Any CPU
		{E99D7907-FA1B-47C0-B585-A7364506B408}.Release|Any CPU.ActiveCfg = Release|Any CPU
		{E99D7907-FA1B-47C0-B585-A7364506B408}.Release|Any CPU.Build.0 = Release|Any CPU
		{E99D7907-FA1B-47C0-B585-A7364506B408}.Release|ARM.ActiveCfg = Release|Any CPU
		{E99D7907-FA1B-47C0-B585-A7364506B408}.Release|ARM.Build.0 = Release|Any CPU
		{E99D7907-FA1B-47C0-B585-A7364506B408}.Release|iPhone.ActiveCfg = Release|Any CPU
		{E99D7907-FA1B-47C0-B585-A7364506B408}.Release|iPhone.Build.0 = Release|Any CPU
		{E99D7907-FA1B-47C0-B585-A7364506B408}.Release|iPhoneSimulator.ActiveCfg = Release|Any CPU
		{E99D7907-FA1B-47C0-B585-A7364506B408}.Release|iPhoneSimulator.Build.0 = Release|Any CPU
		{E99D7907-FA1B-47C0-B585-A7364506B408}.Release|x64.ActiveCfg = Release|Any CPU
		{E99D7907-FA1B-47C0-B585-A7364506B408}.Release|x64.Build.0 = Release|Any CPU
		{E99D7907-FA1B-47C0-B585-A7364506B408}.Release|x86.ActiveCfg = Release|Any CPU
		{E99D7907-FA1B-47C0-B585-A7364506B408}.Release|x86.Build.0 = Release|Any CPU
		{D9C5FCD8-80E5-4C1B-8171-AC4A85094599}.Ad-Hoc|Any CPU.ActiveCfg = Release|Any CPU
		{D9C5FCD8-80E5-4C1B-8171-AC4A85094599}.Ad-Hoc|Any CPU.Build.0 = Release|Any CPU
		{D9C5FCD8-80E5-4C1B-8171-AC4A85094599}.Ad-Hoc|Any CPU.Deploy.0 = Release|Any CPU
		{D9C5FCD8-80E5-4C1B-8171-AC4A85094599}.Ad-Hoc|ARM.ActiveCfg = Release|Any CPU
		{D9C5FCD8-80E5-4C1B-8171-AC4A85094599}.Ad-Hoc|ARM.Build.0 = Release|Any CPU
		{D9C5FCD8-80E5-4C1B-8171-AC4A85094599}.Ad-Hoc|ARM.Deploy.0 = Release|Any CPU
		{D9C5FCD8-80E5-4C1B-8171-AC4A85094599}.Ad-Hoc|iPhone.ActiveCfg = Release|Any CPU
		{D9C5FCD8-80E5-4C1B-8171-AC4A85094599}.Ad-Hoc|iPhone.Build.0 = Release|Any CPU
		{D9C5FCD8-80E5-4C1B-8171-AC4A85094599}.Ad-Hoc|iPhone.Deploy.0 = Release|Any CPU
		{D9C5FCD8-80E5-4C1B-8171-AC4A85094599}.Ad-Hoc|iPhoneSimulator.ActiveCfg = Release|Any CPU
		{D9C5FCD8-80E5-4C1B-8171-AC4A85094599}.Ad-Hoc|iPhoneSimulator.Build.0 = Release|Any CPU
		{D9C5FCD8-80E5-4C1B-8171-AC4A85094599}.Ad-Hoc|iPhoneSimulator.Deploy.0 = Release|Any CPU
		{D9C5FCD8-80E5-4C1B-8171-AC4A85094599}.Ad-Hoc|x64.ActiveCfg = Release|Any CPU
		{D9C5FCD8-80E5-4C1B-8171-AC4A85094599}.Ad-Hoc|x64.Build.0 = Release|Any CPU
		{D9C5FCD8-80E5-4C1B-8171-AC4A85094599}.Ad-Hoc|x64.Deploy.0 = Release|Any CPU
		{D9C5FCD8-80E5-4C1B-8171-AC4A85094599}.Ad-Hoc|x86.ActiveCfg = Release|Any CPU
		{D9C5FCD8-80E5-4C1B-8171-AC4A85094599}.Ad-Hoc|x86.Build.0 = Release|Any CPU
		{D9C5FCD8-80E5-4C1B-8171-AC4A85094599}.Ad-Hoc|x86.Deploy.0 = Release|Any CPU
		{D9C5FCD8-80E5-4C1B-8171-AC4A85094599}.AppStore|Any CPU.ActiveCfg = Release|Any CPU
		{D9C5FCD8-80E5-4C1B-8171-AC4A85094599}.AppStore|Any CPU.Build.0 = Release|Any CPU
		{D9C5FCD8-80E5-4C1B-8171-AC4A85094599}.AppStore|Any CPU.Deploy.0 = Release|Any CPU
		{D9C5FCD8-80E5-4C1B-8171-AC4A85094599}.AppStore|ARM.ActiveCfg = Release|Any CPU
		{D9C5FCD8-80E5-4C1B-8171-AC4A85094599}.AppStore|ARM.Build.0 = Release|Any CPU
		{D9C5FCD8-80E5-4C1B-8171-AC4A85094599}.AppStore|ARM.Deploy.0 = Release|Any CPU
		{D9C5FCD8-80E5-4C1B-8171-AC4A85094599}.AppStore|iPhone.ActiveCfg = Release|Any CPU
		{D9C5FCD8-80E5-4C1B-8171-AC4A85094599}.AppStore|iPhone.Build.0 = Release|Any CPU
		{D9C5FCD8-80E5-4C1B-8171-AC4A85094599}.AppStore|iPhone.Deploy.0 = Release|Any CPU
		{D9C5FCD8-80E5-4C1B-8171-AC4A85094599}.AppStore|iPhoneSimulator.ActiveCfg = Release|Any CPU
		{D9C5FCD8-80E5-4C1B-8171-AC4A85094599}.AppStore|iPhoneSimulator.Build.0 = Release|Any CPU
		{D9C5FCD8-80E5-4C1B-8171-AC4A85094599}.AppStore|iPhoneSimulator.Deploy.0 = Release|Any CPU
		{D9C5FCD8-80E5-4C1B-8171-AC4A85094599}.AppStore|x64.ActiveCfg = Release|Any CPU
		{D9C5FCD8-80E5-4C1B-8171-AC4A85094599}.AppStore|x64.Build.0 = Release|Any CPU
		{D9C5FCD8-80E5-4C1B-8171-AC4A85094599}.AppStore|x64.Deploy.0 = Release|Any CPU
		{D9C5FCD8-80E5-4C1B-8171-AC4A85094599}.AppStore|x86.ActiveCfg = Release|Any CPU
		{D9C5FCD8-80E5-4C1B-8171-AC4A85094599}.AppStore|x86.Build.0 = Release|Any CPU
		{D9C5FCD8-80E5-4C1B-8171-AC4A85094599}.AppStore|x86.Deploy.0 = Release|Any CPU
		{D9C5FCD8-80E5-4C1B-8171-AC4A85094599}.Debug|Any CPU.ActiveCfg = Debug|Any CPU
		{D9C5FCD8-80E5-4C1B-8171-AC4A85094599}.Debug|Any CPU.Build.0 = Debug|Any CPU
		{D9C5FCD8-80E5-4C1B-8171-AC4A85094599}.Debug|Any CPU.Deploy.0 = Debug|Any CPU
		{D9C5FCD8-80E5-4C1B-8171-AC4A85094599}.Debug|ARM.ActiveCfg = Debug|Any CPU
		{D9C5FCD8-80E5-4C1B-8171-AC4A85094599}.Debug|ARM.Build.0 = Debug|Any CPU
		{D9C5FCD8-80E5-4C1B-8171-AC4A85094599}.Debug|ARM.Deploy.0 = Debug|Any CPU
		{D9C5FCD8-80E5-4C1B-8171-AC4A85094599}.Debug|iPhone.ActiveCfg = Debug|Any CPU
		{D9C5FCD8-80E5-4C1B-8171-AC4A85094599}.Debug|iPhone.Build.0 = Debug|Any CPU
		{D9C5FCD8-80E5-4C1B-8171-AC4A85094599}.Debug|iPhone.Deploy.0 = Debug|Any CPU
		{D9C5FCD8-80E5-4C1B-8171-AC4A85094599}.Debug|iPhoneSimulator.ActiveCfg = Debug|Any CPU
		{D9C5FCD8-80E5-4C1B-8171-AC4A85094599}.Debug|iPhoneSimulator.Build.0 = Debug|Any CPU
		{D9C5FCD8-80E5-4C1B-8171-AC4A85094599}.Debug|iPhoneSimulator.Deploy.0 = Debug|Any CPU
		{D9C5FCD8-80E5-4C1B-8171-AC4A85094599}.Debug|x64.ActiveCfg = Debug|Any CPU
		{D9C5FCD8-80E5-4C1B-8171-AC4A85094599}.Debug|x64.Build.0 = Debug|Any CPU
		{D9C5FCD8-80E5-4C1B-8171-AC4A85094599}.Debug|x64.Deploy.0 = Debug|Any CPU
		{D9C5FCD8-80E5-4C1B-8171-AC4A85094599}.Debug|x86.ActiveCfg = Debug|Any CPU
		{D9C5FCD8-80E5-4C1B-8171-AC4A85094599}.Debug|x86.Build.0 = Debug|Any CPU
		{D9C5FCD8-80E5-4C1B-8171-AC4A85094599}.Debug|x86.Deploy.0 = Debug|Any CPU
		{D9C5FCD8-80E5-4C1B-8171-AC4A85094599}.Release|Any CPU.ActiveCfg = Release|Any CPU
		{D9C5FCD8-80E5-4C1B-8171-AC4A85094599}.Release|Any CPU.Build.0 = Release|Any CPU
		{D9C5FCD8-80E5-4C1B-8171-AC4A85094599}.Release|Any CPU.Deploy.0 = Release|Any CPU
		{D9C5FCD8-80E5-4C1B-8171-AC4A85094599}.Release|ARM.ActiveCfg = Release|Any CPU
		{D9C5FCD8-80E5-4C1B-8171-AC4A85094599}.Release|ARM.Build.0 = Release|Any CPU
		{D9C5FCD8-80E5-4C1B-8171-AC4A85094599}.Release|ARM.Deploy.0 = Release|Any CPU
		{D9C5FCD8-80E5-4C1B-8171-AC4A85094599}.Release|iPhone.ActiveCfg = Release|Any CPU
		{D9C5FCD8-80E5-4C1B-8171-AC4A85094599}.Release|iPhone.Build.0 = Release|Any CPU
		{D9C5FCD8-80E5-4C1B-8171-AC4A85094599}.Release|iPhone.Deploy.0 = Release|Any CPU
		{D9C5FCD8-80E5-4C1B-8171-AC4A85094599}.Release|iPhoneSimulator.ActiveCfg = Release|Any CPU
		{D9C5FCD8-80E5-4C1B-8171-AC4A85094599}.Release|iPhoneSimulator.Build.0 = Release|Any CPU
		{D9C5FCD8-80E5-4C1B-8171-AC4A85094599}.Release|iPhoneSimulator.Deploy.0 = Release|Any CPU
		{D9C5FCD8-80E5-4C1B-8171-AC4A85094599}.Release|x64.ActiveCfg = Release|Any CPU
		{D9C5FCD8-80E5-4C1B-8171-AC4A85094599}.Release|x64.Build.0 = Release|Any CPU
		{D9C5FCD8-80E5-4C1B-8171-AC4A85094599}.Release|x64.Deploy.0 = Release|Any CPU
		{D9C5FCD8-80E5-4C1B-8171-AC4A85094599}.Release|x86.ActiveCfg = Release|Any CPU
		{D9C5FCD8-80E5-4C1B-8171-AC4A85094599}.Release|x86.Build.0 = Release|Any CPU
		{D9C5FCD8-80E5-4C1B-8171-AC4A85094599}.Release|x86.Deploy.0 = Release|Any CPU
		{9ED0795E-6CC9-4468-9293-6FB735A7F367}.Ad-Hoc|Any CPU.ActiveCfg = Ad-Hoc|iPhone
		{9ED0795E-6CC9-4468-9293-6FB735A7F367}.Ad-Hoc|ARM.ActiveCfg = Ad-Hoc|iPhone
		{9ED0795E-6CC9-4468-9293-6FB735A7F367}.Ad-Hoc|iPhone.ActiveCfg = Ad-Hoc|iPhone
		{9ED0795E-6CC9-4468-9293-6FB735A7F367}.Ad-Hoc|iPhone.Build.0 = Ad-Hoc|iPhone
		{9ED0795E-6CC9-4468-9293-6FB735A7F367}.Ad-Hoc|iPhoneSimulator.ActiveCfg = Ad-Hoc|iPhoneSimulator
		{9ED0795E-6CC9-4468-9293-6FB735A7F367}.Ad-Hoc|iPhoneSimulator.Build.0 = Ad-Hoc|iPhoneSimulator
		{9ED0795E-6CC9-4468-9293-6FB735A7F367}.Ad-Hoc|x64.ActiveCfg = Ad-Hoc|iPhone
		{9ED0795E-6CC9-4468-9293-6FB735A7F367}.Ad-Hoc|x86.ActiveCfg = Ad-Hoc|iPhone
		{9ED0795E-6CC9-4468-9293-6FB735A7F367}.AppStore|Any CPU.ActiveCfg = AppStore|iPhone
		{9ED0795E-6CC9-4468-9293-6FB735A7F367}.AppStore|ARM.ActiveCfg = AppStore|iPhone
		{9ED0795E-6CC9-4468-9293-6FB735A7F367}.AppStore|iPhone.ActiveCfg = AppStore|iPhone
		{9ED0795E-6CC9-4468-9293-6FB735A7F367}.AppStore|iPhone.Build.0 = AppStore|iPhone
		{9ED0795E-6CC9-4468-9293-6FB735A7F367}.AppStore|iPhoneSimulator.ActiveCfg = AppStore|iPhoneSimulator
		{9ED0795E-6CC9-4468-9293-6FB735A7F367}.AppStore|iPhoneSimulator.Build.0 = AppStore|iPhoneSimulator
		{9ED0795E-6CC9-4468-9293-6FB735A7F367}.AppStore|x64.ActiveCfg = AppStore|iPhone
		{9ED0795E-6CC9-4468-9293-6FB735A7F367}.AppStore|x86.ActiveCfg = AppStore|iPhone
		{9ED0795E-6CC9-4468-9293-6FB735A7F367}.Debug|Any CPU.ActiveCfg = Debug|iPhone
		{9ED0795E-6CC9-4468-9293-6FB735A7F367}.Debug|ARM.ActiveCfg = Debug|iPhone
		{9ED0795E-6CC9-4468-9293-6FB735A7F367}.Debug|iPhone.ActiveCfg = Debug|iPhone
		{9ED0795E-6CC9-4468-9293-6FB735A7F367}.Debug|iPhone.Build.0 = Debug|iPhone
		{9ED0795E-6CC9-4468-9293-6FB735A7F367}.Debug|iPhoneSimulator.ActiveCfg = Debug|iPhoneSimulator
		{9ED0795E-6CC9-4468-9293-6FB735A7F367}.Debug|iPhoneSimulator.Build.0 = Debug|iPhoneSimulator
		{9ED0795E-6CC9-4468-9293-6FB735A7F367}.Debug|x64.ActiveCfg = Debug|iPhone
		{9ED0795E-6CC9-4468-9293-6FB735A7F367}.Debug|x86.ActiveCfg = Debug|iPhone
		{9ED0795E-6CC9-4468-9293-6FB735A7F367}.Release|Any CPU.ActiveCfg = Release|iPhone
		{9ED0795E-6CC9-4468-9293-6FB735A7F367}.Release|ARM.ActiveCfg = Release|iPhone
		{9ED0795E-6CC9-4468-9293-6FB735A7F367}.Release|iPhone.ActiveCfg = Release|iPhone
		{9ED0795E-6CC9-4468-9293-6FB735A7F367}.Release|iPhone.Build.0 = Release|iPhone
		{9ED0795E-6CC9-4468-9293-6FB735A7F367}.Release|iPhoneSimulator.ActiveCfg = Release|iPhoneSimulator
		{9ED0795E-6CC9-4468-9293-6FB735A7F367}.Release|iPhoneSimulator.Build.0 = Release|iPhoneSimulator
		{9ED0795E-6CC9-4468-9293-6FB735A7F367}.Release|x64.ActiveCfg = Release|iPhone
		{9ED0795E-6CC9-4468-9293-6FB735A7F367}.Release|x86.ActiveCfg = Release|iPhone
		{B5704D64-4AD0-4FFE-AD09-E82C12234457}.Ad-Hoc|Any CPU.ActiveCfg = Release|x86
		{B5704D64-4AD0-4FFE-AD09-E82C12234457}.Ad-Hoc|Any CPU.Build.0 = Release|x86
		{B5704D64-4AD0-4FFE-AD09-E82C12234457}.Ad-Hoc|Any CPU.Deploy.0 = Release|x86
		{B5704D64-4AD0-4FFE-AD09-E82C12234457}.Ad-Hoc|ARM.ActiveCfg = Release|ARM
		{B5704D64-4AD0-4FFE-AD09-E82C12234457}.Ad-Hoc|ARM.Build.0 = Release|ARM
		{B5704D64-4AD0-4FFE-AD09-E82C12234457}.Ad-Hoc|ARM.Deploy.0 = Release|ARM
		{B5704D64-4AD0-4FFE-AD09-E82C12234457}.Ad-Hoc|iPhone.ActiveCfg = Release|x86
		{B5704D64-4AD0-4FFE-AD09-E82C12234457}.Ad-Hoc|iPhone.Build.0 = Release|x86
		{B5704D64-4AD0-4FFE-AD09-E82C12234457}.Ad-Hoc|iPhone.Deploy.0 = Release|x86
		{B5704D64-4AD0-4FFE-AD09-E82C12234457}.Ad-Hoc|iPhoneSimulator.ActiveCfg = Release|x86
		{B5704D64-4AD0-4FFE-AD09-E82C12234457}.Ad-Hoc|iPhoneSimulator.Build.0 = Release|x86
		{B5704D64-4AD0-4FFE-AD09-E82C12234457}.Ad-Hoc|iPhoneSimulator.Deploy.0 = Release|x86
		{B5704D64-4AD0-4FFE-AD09-E82C12234457}.Ad-Hoc|x64.ActiveCfg = Release|x64
		{B5704D64-4AD0-4FFE-AD09-E82C12234457}.Ad-Hoc|x64.Build.0 = Release|x64
		{B5704D64-4AD0-4FFE-AD09-E82C12234457}.Ad-Hoc|x64.Deploy.0 = Release|x64
		{B5704D64-4AD0-4FFE-AD09-E82C12234457}.Ad-Hoc|x86.ActiveCfg = Release|x86
		{B5704D64-4AD0-4FFE-AD09-E82C12234457}.Ad-Hoc|x86.Build.0 = Release|x86
		{B5704D64-4AD0-4FFE-AD09-E82C12234457}.Ad-Hoc|x86.Deploy.0 = Release|x86
		{B5704D64-4AD0-4FFE-AD09-E82C12234457}.AppStore|Any CPU.ActiveCfg = Release|x86
		{B5704D64-4AD0-4FFE-AD09-E82C12234457}.AppStore|Any CPU.Build.0 = Release|x86
		{B5704D64-4AD0-4FFE-AD09-E82C12234457}.AppStore|Any CPU.Deploy.0 = Release|x86
		{B5704D64-4AD0-4FFE-AD09-E82C12234457}.AppStore|ARM.ActiveCfg = Release|ARM
		{B5704D64-4AD0-4FFE-AD09-E82C12234457}.AppStore|ARM.Build.0 = Release|ARM
		{B5704D64-4AD0-4FFE-AD09-E82C12234457}.AppStore|ARM.Deploy.0 = Release|ARM
		{B5704D64-4AD0-4FFE-AD09-E82C12234457}.AppStore|iPhone.ActiveCfg = Release|x86
		{B5704D64-4AD0-4FFE-AD09-E82C12234457}.AppStore|iPhone.Build.0 = Release|x86
		{B5704D64-4AD0-4FFE-AD09-E82C12234457}.AppStore|iPhone.Deploy.0 = Release|x86
		{B5704D64-4AD0-4FFE-AD09-E82C12234457}.AppStore|iPhoneSimulator.ActiveCfg = Release|x86
		{B5704D64-4AD0-4FFE-AD09-E82C12234457}.AppStore|iPhoneSimulator.Build.0 = Release|x86
		{B5704D64-4AD0-4FFE-AD09-E82C12234457}.AppStore|iPhoneSimulator.Deploy.0 = Release|x86
		{B5704D64-4AD0-4FFE-AD09-E82C12234457}.AppStore|x64.ActiveCfg = Release|x64
		{B5704D64-4AD0-4FFE-AD09-E82C12234457}.AppStore|x64.Build.0 = Release|x64
		{B5704D64-4AD0-4FFE-AD09-E82C12234457}.AppStore|x64.Deploy.0 = Release|x64
		{B5704D64-4AD0-4FFE-AD09-E82C12234457}.AppStore|x86.ActiveCfg = Release|x86
		{B5704D64-4AD0-4FFE-AD09-E82C12234457}.AppStore|x86.Build.0 = Release|x86
		{B5704D64-4AD0-4FFE-AD09-E82C12234457}.AppStore|x86.Deploy.0 = Release|x86
		{B5704D64-4AD0-4FFE-AD09-E82C12234457}.Debug|Any CPU.ActiveCfg = Debug|x86
		{B5704D64-4AD0-4FFE-AD09-E82C12234457}.Debug|ARM.ActiveCfg = Debug|ARM
		{B5704D64-4AD0-4FFE-AD09-E82C12234457}.Debug|ARM.Build.0 = Debug|ARM
		{B5704D64-4AD0-4FFE-AD09-E82C12234457}.Debug|ARM.Deploy.0 = Debug|ARM
		{B5704D64-4AD0-4FFE-AD09-E82C12234457}.Debug|iPhone.ActiveCfg = Debug|x86
		{B5704D64-4AD0-4FFE-AD09-E82C12234457}.Debug|iPhoneSimulator.ActiveCfg = Debug|x86
		{B5704D64-4AD0-4FFE-AD09-E82C12234457}.Debug|x64.ActiveCfg = Debug|x64
		{B5704D64-4AD0-4FFE-AD09-E82C12234457}.Debug|x64.Build.0 = Debug|x64
		{B5704D64-4AD0-4FFE-AD09-E82C12234457}.Debug|x64.Deploy.0 = Debug|x64
		{B5704D64-4AD0-4FFE-AD09-E82C12234457}.Debug|x86.ActiveCfg = Debug|x86
		{B5704D64-4AD0-4FFE-AD09-E82C12234457}.Debug|x86.Build.0 = Debug|x86
		{B5704D64-4AD0-4FFE-AD09-E82C12234457}.Debug|x86.Deploy.0 = Debug|x86
		{B5704D64-4AD0-4FFE-AD09-E82C12234457}.Release|Any CPU.ActiveCfg = Release|x86
		{B5704D64-4AD0-4FFE-AD09-E82C12234457}.Release|ARM.ActiveCfg = Release|ARM
		{B5704D64-4AD0-4FFE-AD09-E82C12234457}.Release|ARM.Build.0 = Release|ARM
		{B5704D64-4AD0-4FFE-AD09-E82C12234457}.Release|ARM.Deploy.0 = Release|ARM
		{B5704D64-4AD0-4FFE-AD09-E82C12234457}.Release|iPhone.ActiveCfg = Release|x86
		{B5704D64-4AD0-4FFE-AD09-E82C12234457}.Release|iPhoneSimulator.ActiveCfg = Release|x86
		{B5704D64-4AD0-4FFE-AD09-E82C12234457}.Release|x64.ActiveCfg = Release|x64
		{B5704D64-4AD0-4FFE-AD09-E82C12234457}.Release|x64.Build.0 = Release|x64
		{B5704D64-4AD0-4FFE-AD09-E82C12234457}.Release|x64.Deploy.0 = Release|x64
		{B5704D64-4AD0-4FFE-AD09-E82C12234457}.Release|x86.ActiveCfg = Release|x86
		{B5704D64-4AD0-4FFE-AD09-E82C12234457}.Release|x86.Build.0 = Release|x86
		{B5704D64-4AD0-4FFE-AD09-E82C12234457}.Release|x86.Deploy.0 = Release|x86
		{0A291517-D043-4F36-BEA0-CED1789B24C6}.Ad-Hoc|Any CPU.ActiveCfg = Debug|Any CPU
		{0A291517-D043-4F36-BEA0-CED1789B24C6}.Ad-Hoc|Any CPU.Build.0 = Debug|Any CPU
		{0A291517-D043-4F36-BEA0-CED1789B24C6}.Ad-Hoc|ARM.ActiveCfg = Debug|Any CPU
		{0A291517-D043-4F36-BEA0-CED1789B24C6}.Ad-Hoc|ARM.Build.0 = Debug|Any CPU
		{0A291517-D043-4F36-BEA0-CED1789B24C6}.Ad-Hoc|iPhone.ActiveCfg = Debug|Any CPU
		{0A291517-D043-4F36-BEA0-CED1789B24C6}.Ad-Hoc|iPhone.Build.0 = Debug|Any CPU
		{0A291517-D043-4F36-BEA0-CED1789B24C6}.Ad-Hoc|iPhoneSimulator.ActiveCfg = Debug|Any CPU
		{0A291517-D043-4F36-BEA0-CED1789B24C6}.Ad-Hoc|iPhoneSimulator.Build.0 = Debug|Any CPU
		{0A291517-D043-4F36-BEA0-CED1789B24C6}.Ad-Hoc|x64.ActiveCfg = Debug|Any CPU
		{0A291517-D043-4F36-BEA0-CED1789B24C6}.Ad-Hoc|x64.Build.0 = Debug|Any CPU
		{0A291517-D043-4F36-BEA0-CED1789B24C6}.Ad-Hoc|x86.ActiveCfg = Debug|Any CPU
		{0A291517-D043-4F36-BEA0-CED1789B24C6}.Ad-Hoc|x86.Build.0 = Debug|Any CPU
		{0A291517-D043-4F36-BEA0-CED1789B24C6}.AppStore|Any CPU.ActiveCfg = Debug|Any CPU
		{0A291517-D043-4F36-BEA0-CED1789B24C6}.AppStore|Any CPU.Build.0 = Debug|Any CPU
		{0A291517-D043-4F36-BEA0-CED1789B24C6}.AppStore|ARM.ActiveCfg = Debug|Any CPU
		{0A291517-D043-4F36-BEA0-CED1789B24C6}.AppStore|ARM.Build.0 = Debug|Any CPU
		{0A291517-D043-4F36-BEA0-CED1789B24C6}.AppStore|iPhone.ActiveCfg = Debug|Any CPU
		{0A291517-D043-4F36-BEA0-CED1789B24C6}.AppStore|iPhone.Build.0 = Debug|Any CPU
		{0A291517-D043-4F36-BEA0-CED1789B24C6}.AppStore|iPhoneSimulator.ActiveCfg = Debug|Any CPU
		{0A291517-D043-4F36-BEA0-CED1789B24C6}.AppStore|iPhoneSimulator.Build.0 = Debug|Any CPU
		{0A291517-D043-4F36-BEA0-CED1789B24C6}.AppStore|x64.ActiveCfg = Debug|Any CPU
		{0A291517-D043-4F36-BEA0-CED1789B24C6}.AppStore|x64.Build.0 = Debug|Any CPU
		{0A291517-D043-4F36-BEA0-CED1789B24C6}.AppStore|x86.ActiveCfg = Debug|Any CPU
		{0A291517-D043-4F36-BEA0-CED1789B24C6}.AppStore|x86.Build.0 = Debug|Any CPU
		{0A291517-D043-4F36-BEA0-CED1789B24C6}.Debug|Any CPU.ActiveCfg = Debug|Any CPU
		{0A291517-D043-4F36-BEA0-CED1789B24C6}.Debug|Any CPU.Build.0 = Debug|Any CPU
		{0A291517-D043-4F36-BEA0-CED1789B24C6}.Debug|ARM.ActiveCfg = Debug|Any CPU
		{0A291517-D043-4F36-BEA0-CED1789B24C6}.Debug|ARM.Build.0 = Debug|Any CPU
		{0A291517-D043-4F36-BEA0-CED1789B24C6}.Debug|iPhone.ActiveCfg = Debug|Any CPU
		{0A291517-D043-4F36-BEA0-CED1789B24C6}.Debug|iPhone.Build.0 = Debug|Any CPU
		{0A291517-D043-4F36-BEA0-CED1789B24C6}.Debug|iPhoneSimulator.ActiveCfg = Debug|Any CPU
		{0A291517-D043-4F36-BEA0-CED1789B24C6}.Debug|iPhoneSimulator.Build.0 = Debug|Any CPU
		{0A291517-D043-4F36-BEA0-CED1789B24C6}.Debug|x64.ActiveCfg = Debug|Any CPU
		{0A291517-D043-4F36-BEA0-CED1789B24C6}.Debug|x64.Build.0 = Debug|Any CPU
		{0A291517-D043-4F36-BEA0-CED1789B24C6}.Debug|x86.ActiveCfg = Debug|Any CPU
		{0A291517-D043-4F36-BEA0-CED1789B24C6}.Debug|x86.Build.0 = Debug|Any CPU
		{0A291517-D043-4F36-BEA0-CED1789B24C6}.Release|Any CPU.ActiveCfg = Release|Any CPU
		{0A291517-D043-4F36-BEA0-CED1789B24C6}.Release|Any CPU.Build.0 = Release|Any CPU
		{0A291517-D043-4F36-BEA0-CED1789B24C6}.Release|ARM.ActiveCfg = Release|Any CPU
		{0A291517-D043-4F36-BEA0-CED1789B24C6}.Release|ARM.Build.0 = Release|Any CPU
		{0A291517-D043-4F36-BEA0-CED1789B24C6}.Release|iPhone.ActiveCfg = Release|Any CPU
		{0A291517-D043-4F36-BEA0-CED1789B24C6}.Release|iPhone.Build.0 = Release|Any CPU
		{0A291517-D043-4F36-BEA0-CED1789B24C6}.Release|iPhoneSimulator.ActiveCfg = Release|Any CPU
		{0A291517-D043-4F36-BEA0-CED1789B24C6}.Release|iPhoneSimulator.Build.0 = Release|Any CPU
		{0A291517-D043-4F36-BEA0-CED1789B24C6}.Release|x64.ActiveCfg = Release|Any CPU
		{0A291517-D043-4F36-BEA0-CED1789B24C6}.Release|x64.Build.0 = Release|Any CPU
		{0A291517-D043-4F36-BEA0-CED1789B24C6}.Release|x86.ActiveCfg = Release|Any CPU
		{0A291517-D043-4F36-BEA0-CED1789B24C6}.Release|x86.Build.0 = Release|Any CPU
	EndGlobalSection
	GlobalSection(SolutionProperties) = preSolution
		HideSolutionNode = FALSE
	EndGlobalSection
	GlobalSection(ExtensibilityGlobals) = postSolution
		SolutionGuid = {C7E085F0-713D-4EC9-A6FF-6D0EE6A11C26}
	EndGlobalSection
EndGlobal
